<?xml version="1.0" encoding="utf-8"?>
<Project ToolsVersion="4.0" xmlns="http://schemas.microsoft.com/developer/msbuild/2003">
  <ItemGroup>
    <Filter Include="src">
      <UniqueIdentifier>{862c5057-1c29-4ccd-b2aa-75b41be3ffc5}</UniqueIdentifier>
    </Filter>
    <Filter Include="pch">
      <UniqueIdentifier>{93995380-89BD-4b04-88EB-625FBE52EBFB}</UniqueIdentifier>
      <Extensions>h;hh;hpp;hxx;h++;hm;inl;inc;ipp;xsd</Extensions>
    </Filter>
    <Filter Include="src\common">
      <UniqueIdentifier>{6b618108-d775-49a7-b02d-77c00d63c89a}</UniqueIdentifier>
    </Filter>
    <Filter Include="src\common\sha256">
      <UniqueIdentifier>{9b6be822-cd76-49ca-a990-a099290f3dff}</UniqueIdentifier>
    </Filter>
  </ItemGroup>
  <ItemGroup>
    <ClInclude Include="pch.h">
      <Filter>pch</Filter>
    </ClInclude>
    <ClInclude Include="ve_log_lite.h">
      <Filter>src</Filter>
    </ClInclude>
    <ClInclude Include="ve_crash_dumper.h">
      <Filter>src</Filter>
    </ClInclude>
    <ClInclude Include="stack_walker.h">
      <Filter>src</Filter>
    </ClInclude>
    <ClInclude Include="..\..\third_party\common\sha256\sha256.h">
      <Filter>src\common\sha256</Filter>
    </ClInclude>
    <ClInclude Include="..\..\third_party\common\sha256\hmac_sha256.h">
      <Filter>src\common\sha256</Filter>
    </ClInclude>
    <ClInclude Include="ve_string.h">
      <Filter>src</Filter>
    </ClInclude>
    <ClInclude Include="ve_singleton.h">
      <Filter>src</Filter>
    </ClInclude>
    <ClInclude Include="ve_time.h">
      <Filter>src</Filter>
    </ClInclude>
  </ItemGroup>
  <ItemGroup>
    <ClCompile Include="pch.cpp">
      <Filter>pch</Filter>
    </ClCompile>
    <ClCompile Include="ve_log_lite.cpp">
      <Filter>src</Filter>
    </ClCompile>
    <ClCompile Include="stack_walker.cpp">
      <Filter>src</Filter>
    </ClCompile>
    <ClCompile Include="..\..\third_party\common\sha256\hmac_sha256.c">
      <Filter>src\common\sha256</Filter>
    </ClCompile>
    <ClCompile Include="..\..\third_party\common\sha256\sha256.c">
      <Filter>src\common\sha256</Filter>
    </ClCompile>
    <ClCompile Include="ve_string.cpp">
      <Filter>src</Filter>
    </ClCompile>
    <ClCompile Include="ve_time.cpp">
      <Filter>src</Filter>
    </ClCompile>
  </ItemGroup>
</Project>