PODS:
  - Masonry (1.1.0)
  - SVProgressHUD (2.2.5)
  - Toast (4.0.0)
  - VEGameRTC/Core (352.104.036)
  - VeGameSDK (1.36.0):
    - VEGameRTC/Core (= 352.104.036)

DEPENDENCIES:
  - Masonry
  - SVProgressHUD
  - Toast
  - VeGameSDK (= 1.36.0)

SPEC REPOS:
  https://github.com/CocoaPods/Specs.git:
    - Masonry
    - SVProgressHUD
    - Toast
  https://github.com/volcengine/volcengine-specs.git:
    - VEGameRTC
    - VeGameSDK

SPEC CHECKSUMS:
  Masonry: 678fab65091a9290e40e2832a55e7ab731aad201
  SVProgressHUD: 1428aafac632c1f86f62aa4243ec12008d7a51d6
  Toast: 91b396c56ee72a5790816f40d3a94dd357abc196
  VEGameRTC: 48b914aa471909298aed4e2f5612c79c9c0df004
  VeGameSDK: 0dfb6b157a982e9126a2c9bda1d945f6ff310cdb

PODFILE CHECKSUM: a04db4b5fcfd8ce87dbeaafa86541a195325775b

COCOAPODS: 1.11.3
