PODS:
  - Masonry (1.1.0)
  - SVProgressHUD (2.2.5)
  - Toast (4.0.0)
  - VEGameRTC/Core (352.104.036)
  - VeGameSDK (1.35.0):
    - VEGameRTC/Core (= 352.104.036)

DEPENDENCIES:
  - Masonry
  - SVProgressHUD
  - Toast
  - VeGameSDK (= 1.35.0)

SPEC REPOS:
  https://github.com/CocoaPods/Specs.git:
    - Masonry
    - SVProgressHUD
    - Toast
  https://github.com/volcengine/volcengine-specs.git:
    - VEGameRTC
    - VeGameSDK

SPEC CHECKSUMS:
  Masonry: 678fab65091a9290e40e2832a55e7ab731aad201
  SVProgressHUD: 1428aafac632c1f86f62aa4243ec12008d7a51d6
  Toast: 91b396c56ee72a5790816f40d3a94dd357abc196
  VEGameRTC: 48b914aa471909298aed4e2f5612c79c9c0df004
  VeGameSDK: 404749f1dcac471bcfbe6edb682305aed76f4e77

PODFILE CHECKSUM: 7b16cc92b90947396ce67f1a1635641f0f1a3746

COCOAPODS: 1.11.3
