// !$*UTF8*$!
{
	archiveVersion = 1;
	classes = {
	};
	objectVersion = 46;
	objects = {

/* Begin PBXBuildFile section */
		2B148BF42953FCD4004F396F /* SVProgressHUD+Category.m in Sources */ = {isa = PBXBuildFile; fileRef = 2B148BF22953FCD4004F396F /* SVProgressHUD+Category.m */; };
		2B6D6C3426E63E080073011E /* VeNavigationController.m in Sources */ = {isa = PBXBuildFile; fileRef = 2B6D6C3326E63E080073011E /* VeNavigationController.m */; };
		2B6D6C3D26E642FA0073011E /* VeGameViewController.m in Sources */ = {isa = PBXBuildFile; fileRef = 2B6D6C3B26E642FA0073011E /* VeGameViewController.m */; };
		2B6D6C3E26E642FA0073011E /* VeGameViewController.xib in Resources */ = {isa = PBXBuildFile; fileRef = 2B6D6C3C26E642FA0073011E /* VeGameViewController.xib */; };
		2B6D6C4126E645C70073011E /* VeGameDisplayViewController.m in Sources */ = {isa = PBXBuildFile; fileRef = 2B6D6C3F26E645C70073011E /* VeGameDisplayViewController.m */; };
		2B91841B2808252800687C31 /* Utils.m in Sources */ = {isa = PBXBuildFile; fileRef = 2B9184192808252800687C31 /* Utils.m */; };
		2BC4910D2B19BD1800CC3516 /* UIView+Draggable.m in Sources */ = {isa = PBXBuildFile; fileRef = 2BC4910B2B19BD1800CC3516 /* UIView+Draggable.m */; };
		2BC491102B19BD8300CC3516 /* CustomViewController.m in Sources */ = {isa = PBXBuildFile; fileRef = 2BC4910F2B19BD8300CC3516 /* CustomViewController.m */; };
		3B226FAEC41B5F36464D454E /* libPods-VeGamePublicDemo.a in Frameworks */ = {isa = PBXBuildFile; fileRef = 17F234E0072D1D6CA49E5AF8 /* libPods-VeGamePublicDemo.a */; };
		C83BF0051E1234250016E53D /* main.m in Sources */ = {isa = PBXBuildFile; fileRef = C83BF0041E1234250016E53D /* main.m */; };
		C83BF0081E1234250016E53D /* AppDelegate.m in Sources */ = {isa = PBXBuildFile; fileRef = C83BF0071E1234250016E53D /* AppDelegate.m */; };
		C83BF0131E1234250016E53D /* LaunchScreen.storyboard in Resources */ = {isa = PBXBuildFile; fileRef = C83BF0111E1234250016E53D /* LaunchScreen.storyboard */; };
		C8B7E3F11E27698700EAD131 /* image.xcassets in Resources */ = {isa = PBXBuildFile; fileRef = C8B7E3F01E27698700EAD131 /* image.xcassets */; };
/* End PBXBuildFile section */

/* Begin PBXFileReference section */
		17F234E0072D1D6CA49E5AF8 /* libPods-VeGamePublicDemo.a */ = {isa = PBXFileReference; explicitFileType = archive.ar; includeInIndex = 0; path = "libPods-VeGamePublicDemo.a"; sourceTree = BUILT_PRODUCTS_DIR; };
		2B148BF22953FCD4004F396F /* SVProgressHUD+Category.m */ = {isa = PBXFileReference; fileEncoding = 4; lastKnownFileType = sourcecode.c.objc; path = "SVProgressHUD+Category.m"; sourceTree = "<group>"; };
		2B148BF32953FCD4004F396F /* SVProgressHUD+Category.h */ = {isa = PBXFileReference; fileEncoding = 4; lastKnownFileType = sourcecode.c.h; path = "SVProgressHUD+Category.h"; sourceTree = "<group>"; };
		2B6D6C3226E63E080073011E /* VeNavigationController.h */ = {isa = PBXFileReference; fileEncoding = 4; lastKnownFileType = sourcecode.c.h; path = VeNavigationController.h; sourceTree = "<group>"; };
		2B6D6C3326E63E080073011E /* VeNavigationController.m */ = {isa = PBXFileReference; fileEncoding = 4; lastKnownFileType = sourcecode.c.objc; path = VeNavigationController.m; sourceTree = "<group>"; };
		2B6D6C3A26E642FA0073011E /* VeGameViewController.h */ = {isa = PBXFileReference; lastKnownFileType = sourcecode.c.h; path = VeGameViewController.h; sourceTree = "<group>"; };
		2B6D6C3B26E642FA0073011E /* VeGameViewController.m */ = {isa = PBXFileReference; lastKnownFileType = sourcecode.c.objc; path = VeGameViewController.m; sourceTree = "<group>"; };
		2B6D6C3C26E642FA0073011E /* VeGameViewController.xib */ = {isa = PBXFileReference; lastKnownFileType = file.xib; path = VeGameViewController.xib; sourceTree = "<group>"; };
		2B6D6C3F26E645C70073011E /* VeGameDisplayViewController.m */ = {isa = PBXFileReference; fileEncoding = 4; lastKnownFileType = sourcecode.c.objc; path = VeGameDisplayViewController.m; sourceTree = "<group>"; };
		2B6D6C4026E645C70073011E /* VeGameDisplayViewController.h */ = {isa = PBXFileReference; fileEncoding = 4; lastKnownFileType = sourcecode.c.h; path = VeGameDisplayViewController.h; sourceTree = "<group>"; };
		2B9184192808252800687C31 /* Utils.m */ = {isa = PBXFileReference; fileEncoding = 4; lastKnownFileType = sourcecode.c.objc; path = Utils.m; sourceTree = "<group>"; };
		2B91841A2808252800687C31 /* Utils.h */ = {isa = PBXFileReference; fileEncoding = 4; lastKnownFileType = sourcecode.c.h; path = Utils.h; sourceTree = "<group>"; };
		2BC4910B2B19BD1800CC3516 /* UIView+Draggable.m */ = {isa = PBXFileReference; fileEncoding = 4; lastKnownFileType = sourcecode.c.objc; path = "UIView+Draggable.m"; sourceTree = "<group>"; };
		2BC4910C2B19BD1800CC3516 /* UIView+Draggable.h */ = {isa = PBXFileReference; fileEncoding = 4; lastKnownFileType = sourcecode.c.h; path = "UIView+Draggable.h"; sourceTree = "<group>"; };
		2BC4910E2B19BD8300CC3516 /* CustomViewController.h */ = {isa = PBXFileReference; fileEncoding = 4; lastKnownFileType = sourcecode.c.h; path = CustomViewController.h; sourceTree = "<group>"; };
		2BC4910F2B19BD8300CC3516 /* CustomViewController.m */ = {isa = PBXFileReference; fileEncoding = 4; lastKnownFileType = sourcecode.c.objc; path = CustomViewController.m; sourceTree = "<group>"; };
		5AC2CB67B6DAD858109A17C3 /* Pods-VeGamePublicDemo.release.xcconfig */ = {isa = PBXFileReference; includeInIndex = 1; lastKnownFileType = text.xcconfig; name = "Pods-VeGamePublicDemo.release.xcconfig"; path = "Pods/Target Support Files/Pods-VeGamePublicDemo/Pods-VeGamePublicDemo.release.xcconfig"; sourceTree = "<group>"; };
		C831249221C8DE66004F2EE0 /* zh-Hans */ = {isa = PBXFileReference; lastKnownFileType = text.plist.strings; name = "zh-Hans"; path = "zh-Hans.lproj/LaunchScreen.strings"; sourceTree = "<group>"; };
		C83BF0001E1234250016E53D /* VeGamePublicDemo.app */ = {isa = PBXFileReference; explicitFileType = wrapper.application; includeInIndex = 0; path = VeGamePublicDemo.app; sourceTree = BUILT_PRODUCTS_DIR; };
		C83BF0041E1234250016E53D /* main.m */ = {isa = PBXFileReference; lastKnownFileType = sourcecode.c.objc; path = main.m; sourceTree = "<group>"; };
		C83BF0061E1234250016E53D /* AppDelegate.h */ = {isa = PBXFileReference; lastKnownFileType = sourcecode.c.h; path = AppDelegate.h; sourceTree = "<group>"; };
		C83BF0071E1234250016E53D /* AppDelegate.m */ = {isa = PBXFileReference; lastKnownFileType = sourcecode.c.objc; path = AppDelegate.m; sourceTree = "<group>"; };
		C83BF0121E1234250016E53D /* Base */ = {isa = PBXFileReference; lastKnownFileType = file.storyboard; name = Base; path = Base.lproj/LaunchScreen.storyboard; sourceTree = "<group>"; };
		C83BF0141E1234250016E53D /* Info.plist */ = {isa = PBXFileReference; lastKnownFileType = text.plist.xml; path = Info.plist; sourceTree = "<group>"; };
		C8B7E3F01E27698700EAD131 /* image.xcassets */ = {isa = PBXFileReference; lastKnownFileType = folder.assetcatalog; path = image.xcassets; sourceTree = "<group>"; };
		C8E14C882317BD2600413E2C /* VeGamePublicDemo.pch */ = {isa = PBXFileReference; lastKnownFileType = sourcecode.c.h; path = VeGamePublicDemo.pch; sourceTree = "<group>"; };
		DF7D82ECBA1F2B13884713B2 /* Pods-VeGamePublicDemo.debug.xcconfig */ = {isa = PBXFileReference; includeInIndex = 1; lastKnownFileType = text.xcconfig; name = "Pods-VeGamePublicDemo.debug.xcconfig"; path = "Pods/Target Support Files/Pods-VeGamePublicDemo/Pods-VeGamePublicDemo.debug.xcconfig"; sourceTree = "<group>"; };
/* End PBXFileReference section */

/* Begin PBXFrameworksBuildPhase section */
		C83BEFFD1E1234250016E53D /* Frameworks */ = {
			isa = PBXFrameworksBuildPhase;
			buildActionMask = 2147483647;
			files = (
				3B226FAEC41B5F36464D454E /* libPods-VeGamePublicDemo.a in Frameworks */,
			);
			runOnlyForDeploymentPostprocessing = 0;
		};
/* End PBXFrameworksBuildPhase section */

/* Begin PBXGroup section */
		764F4351218F646FDEC60CD6 /* Frameworks */ = {
			isa = PBXGroup;
			children = (
				17F234E0072D1D6CA49E5AF8 /* libPods-VeGamePublicDemo.a */,
			);
			name = Frameworks;
			sourceTree = "<group>";
		};
		C83BEFF71E1234250016E53D = {
			isa = PBXGroup;
			children = (
				C83BF0021E1234250016E53D /* VeGameDemo */,
				C83BF0011E1234250016E53D /* Products */,
				F93CA862B4340C691A28E75C /* Pods */,
				764F4351218F646FDEC60CD6 /* Frameworks */,
			);
			sourceTree = "<group>";
		};
		C83BF0011E1234250016E53D /* Products */ = {
			isa = PBXGroup;
			children = (
				C83BF0001E1234250016E53D /* VeGamePublicDemo.app */,
			);
			name = Products;
			sourceTree = "<group>";
		};
		C83BF0021E1234250016E53D /* VeGameDemo */ = {
			isa = PBXGroup;
			children = (
				2B91841A2808252800687C31 /* Utils.h */,
				2B9184192808252800687C31 /* Utils.m */,
				2BC4910C2B19BD1800CC3516 /* UIView+Draggable.h */,
				2BC4910B2B19BD1800CC3516 /* UIView+Draggable.m */,
				2B6D6C3A26E642FA0073011E /* VeGameViewController.h */,
				2B6D6C3B26E642FA0073011E /* VeGameViewController.m */,
				2B6D6C3C26E642FA0073011E /* VeGameViewController.xib */,
				2B6D6C4026E645C70073011E /* VeGameDisplayViewController.h */,
				2B6D6C3F26E645C70073011E /* VeGameDisplayViewController.m */,
				2B6D6C3226E63E080073011E /* VeNavigationController.h */,
				2B6D6C3326E63E080073011E /* VeNavigationController.m */,
				2BC4910E2B19BD8300CC3516 /* CustomViewController.h */,
				2BC4910F2B19BD8300CC3516 /* CustomViewController.m */,
				2B148BF32953FCD4004F396F /* SVProgressHUD+Category.h */,
				2B148BF22953FCD4004F396F /* SVProgressHUD+Category.m */,
				C83BF0031E1234250016E53D /* Supporting Files */,
			);
			path = VeGameDemo;
			sourceTree = "<group>";
		};
		C83BF0031E1234250016E53D /* Supporting Files */ = {
			isa = PBXGroup;
			children = (
				C83BF0141E1234250016E53D /* Info.plist */,
				C83BF0041E1234250016E53D /* main.m */,
				C83BF0061E1234250016E53D /* AppDelegate.h */,
				C83BF0071E1234250016E53D /* AppDelegate.m */,
				C8B7E3F01E27698700EAD131 /* image.xcassets */,
				C8E14C882317BD2600413E2C /* VeGamePublicDemo.pch */,
				C83BF0111E1234250016E53D /* LaunchScreen.storyboard */,
			);
			name = "Supporting Files";
			sourceTree = "<group>";
		};
		F93CA862B4340C691A28E75C /* Pods */ = {
			isa = PBXGroup;
			children = (
				DF7D82ECBA1F2B13884713B2 /* Pods-VeGamePublicDemo.debug.xcconfig */,
				5AC2CB67B6DAD858109A17C3 /* Pods-VeGamePublicDemo.release.xcconfig */,
			);
			name = Pods;
			sourceTree = "<group>";
		};
/* End PBXGroup section */

/* Begin PBXNativeTarget section */
		C83BEFFF1E1234250016E53D /* VeGamePublicDemo */ = {
			isa = PBXNativeTarget;
			buildConfigurationList = C83BF0171E1234250016E53D /* Build configuration list for PBXNativeTarget "VeGamePublicDemo" */;
			buildPhases = (
				FEB2921AD8ED7988BC459C38 /* [CP] Check Pods Manifest.lock */,
				C83BEFFC1E1234250016E53D /* Sources */,
				C83BEFFD1E1234250016E53D /* Frameworks */,
				C83BEFFE1E1234250016E53D /* Resources */,
				39431702E3052C0FF01670FB /* [CP] Copy Pods Resources */,
				BC6E9EE0F140C6A680B94BB4 /* [CP] Embed Pods Frameworks */,
			);
			buildRules = (
			);
			dependencies = (
			);
			name = VeGamePublicDemo;
			productName = VeGamePublicDemo;
			productReference = C83BF0001E1234250016E53D /* VeGamePublicDemo.app */;
			productType = "com.apple.product-type.application";
		};
/* End PBXNativeTarget section */

/* Begin PBXProject section */
		C83BEFF81E1234250016E53D /* Project object */ = {
			isa = PBXProject;
			attributes = {
				LastUpgradeCheck = 1110;
				ORGANIZATIONNAME = changwuguo;
				TargetAttributes = {
					C83BEFFF1E1234250016E53D = {
						CreatedOnToolsVersion = 8.2;
						DevelopmentTeam = 6N49VPDU43;
						ProvisioningStyle = Manual;
					};
				};
			};
			buildConfigurationList = C83BEFFB1E1234250016E53D /* Build configuration list for PBXProject "VeGamePublicDemo" */;
			compatibilityVersion = "Xcode 3.2";
			developmentRegion = en;
			hasScannedForEncodings = 0;
			knownRegions = (
				en,
				Base,
				"zh-Hans",
			);
			mainGroup = C83BEFF71E1234250016E53D;
			productRefGroup = C83BF0011E1234250016E53D /* Products */;
			projectDirPath = "";
			projectRoot = "";
			targets = (
				C83BEFFF1E1234250016E53D /* VeGamePublicDemo */,
			);
		};
/* End PBXProject section */

/* Begin PBXResourcesBuildPhase section */
		C83BEFFE1E1234250016E53D /* Resources */ = {
			isa = PBXResourcesBuildPhase;
			buildActionMask = 2147483647;
			files = (
				C8B7E3F11E27698700EAD131 /* image.xcassets in Resources */,
				2B6D6C3E26E642FA0073011E /* VeGameViewController.xib in Resources */,
				C83BF0131E1234250016E53D /* LaunchScreen.storyboard in Resources */,
			);
			runOnlyForDeploymentPostprocessing = 0;
		};
/* End PBXResourcesBuildPhase section */

/* Begin PBXShellScriptBuildPhase section */
		39431702E3052C0FF01670FB /* [CP] Copy Pods Resources */ = {
			isa = PBXShellScriptBuildPhase;
			buildActionMask = 2147483647;
			files = (
			);
			inputPaths = (
				"${PODS_ROOT}/Target Support Files/Pods-VeGamePublicDemo/Pods-VeGamePublicDemo-resources.sh",
				"${PODS_ROOT}/SVProgressHUD/SVProgressHUD/SVProgressHUD.bundle",
			);
			name = "[CP] Copy Pods Resources";
			outputPaths = (
				"${TARGET_BUILD_DIR}/${UNLOCALIZED_RESOURCES_FOLDER_PATH}/SVProgressHUD.bundle",
			);
			runOnlyForDeploymentPostprocessing = 0;
			shellPath = /bin/sh;
			shellScript = "\"${PODS_ROOT}/Target Support Files/Pods-VeGamePublicDemo/Pods-VeGamePublicDemo-resources.sh\"\n";
			showEnvVarsInLog = 0;
		};
		BC6E9EE0F140C6A680B94BB4 /* [CP] Embed Pods Frameworks */ = {
			isa = PBXShellScriptBuildPhase;
			buildActionMask = 2147483647;
			files = (
			);
			inputPaths = (
				"${PODS_ROOT}/Target Support Files/Pods-VeGamePublicDemo/Pods-VeGamePublicDemo-frameworks.sh",
				"${PODS_ROOT}/VEGameRTC/VEGameRTC.framework",
				"${PODS_ROOT}/VeGameSDK/VeGame.framework",
			);
			name = "[CP] Embed Pods Frameworks";
			outputPaths = (
				"${TARGET_BUILD_DIR}/${FRAMEWORKS_FOLDER_PATH}/VEGameRTC.framework",
				"${TARGET_BUILD_DIR}/${FRAMEWORKS_FOLDER_PATH}/VeGame.framework",
			);
			runOnlyForDeploymentPostprocessing = 0;
			shellPath = /bin/sh;
			shellScript = "\"${PODS_ROOT}/Target Support Files/Pods-VeGamePublicDemo/Pods-VeGamePublicDemo-frameworks.sh\"\n";
			showEnvVarsInLog = 0;
		};
		FEB2921AD8ED7988BC459C38 /* [CP] Check Pods Manifest.lock */ = {
			isa = PBXShellScriptBuildPhase;
			buildActionMask = 2147483647;
			files = (
			);
			inputPaths = (
				"${PODS_PODFILE_DIR_PATH}/Podfile.lock",
				"${PODS_ROOT}/Manifest.lock",
			);
			name = "[CP] Check Pods Manifest.lock";
			outputPaths = (
				"$(DERIVED_FILE_DIR)/Pods-VeGamePublicDemo-checkManifestLockResult.txt",
			);
			runOnlyForDeploymentPostprocessing = 0;
			shellPath = /bin/sh;
			shellScript = "diff \"${PODS_PODFILE_DIR_PATH}/Podfile.lock\" \"${PODS_ROOT}/Manifest.lock\" > /dev/null\nif [ $? != 0 ] ; then\n    # print error to STDERR\n    echo \"error: The sandbox is not in sync with the Podfile.lock. Run 'pod install' or update your CocoaPods installation.\" >&2\n    exit 1\nfi\n# This output is used by Xcode 'outputs' to avoid re-running this script phase.\necho \"SUCCESS\" > \"${SCRIPT_OUTPUT_FILE_0}\"\n";
			showEnvVarsInLog = 0;
		};
/* End PBXShellScriptBuildPhase section */

/* Begin PBXSourcesBuildPhase section */
		C83BEFFC1E1234250016E53D /* Sources */ = {
			isa = PBXSourcesBuildPhase;
			buildActionMask = 2147483647;
			files = (
				2B6D6C3D26E642FA0073011E /* VeGameViewController.m in Sources */,
				2B148BF42953FCD4004F396F /* SVProgressHUD+Category.m in Sources */,
				2BC4910D2B19BD1800CC3516 /* UIView+Draggable.m in Sources */,
				C83BF0081E1234250016E53D /* AppDelegate.m in Sources */,
				2BC491102B19BD8300CC3516 /* CustomViewController.m in Sources */,
				2B6D6C4126E645C70073011E /* VeGameDisplayViewController.m in Sources */,
				C83BF0051E1234250016E53D /* main.m in Sources */,
				2B91841B2808252800687C31 /* Utils.m in Sources */,
				2B6D6C3426E63E080073011E /* VeNavigationController.m in Sources */,
			);
			runOnlyForDeploymentPostprocessing = 0;
		};
/* End PBXSourcesBuildPhase section */

/* Begin PBXVariantGroup section */
		C83BF0111E1234250016E53D /* LaunchScreen.storyboard */ = {
			isa = PBXVariantGroup;
			children = (
				C83BF0121E1234250016E53D /* Base */,
				C831249221C8DE66004F2EE0 /* zh-Hans */,
			);
			name = LaunchScreen.storyboard;
			sourceTree = "<group>";
		};
/* End PBXVariantGroup section */

/* Begin XCBuildConfiguration section */
		C83BF0151E1234250016E53D /* Debug */ = {
			isa = XCBuildConfiguration;
			buildSettings = {
				ALWAYS_SEARCH_USER_PATHS = NO;
				CLANG_ANALYZER_LOCALIZABILITY_NONLOCALIZED = YES;
				CLANG_ANALYZER_NONNULL = YES;
				CLANG_CXX_LANGUAGE_STANDARD = "gnu++0x";
				CLANG_CXX_LIBRARY = "libc++";
				CLANG_ENABLE_MODULES = YES;
				CLANG_ENABLE_OBJC_ARC = YES;
				CLANG_WARN_BLOCK_CAPTURE_AUTORELEASING = YES;
				CLANG_WARN_BOOL_CONVERSION = YES;
				CLANG_WARN_COMMA = YES;
				CLANG_WARN_CONSTANT_CONVERSION = YES;
				CLANG_WARN_DEPRECATED_OBJC_IMPLEMENTATIONS = YES;
				CLANG_WARN_DIRECT_OBJC_ISA_USAGE = YES_ERROR;
				CLANG_WARN_DOCUMENTATION_COMMENTS = YES;
				CLANG_WARN_EMPTY_BODY = YES;
				CLANG_WARN_ENUM_CONVERSION = YES;
				CLANG_WARN_INFINITE_RECURSION = YES;
				CLANG_WARN_INT_CONVERSION = YES;
				CLANG_WARN_NON_LITERAL_NULL_CONVERSION = YES;
				CLANG_WARN_OBJC_IMPLICIT_RETAIN_SELF = YES;
				CLANG_WARN_OBJC_LITERAL_CONVERSION = YES;
				CLANG_WARN_OBJC_ROOT_CLASS = YES_ERROR;
				CLANG_WARN_RANGE_LOOP_ANALYSIS = YES;
				CLANG_WARN_STRICT_PROTOTYPES = YES;
				CLANG_WARN_SUSPICIOUS_MOVE = YES;
				CLANG_WARN_UNREACHABLE_CODE = YES;
				CLANG_WARN__DUPLICATE_METHOD_MATCH = YES;
				"CODE_SIGN_IDENTITY[sdk=iphoneos*]" = "iPhone Developer";
				COPY_PHASE_STRIP = NO;
				DEBUG_INFORMATION_FORMAT = dwarf;
				ENABLE_BITCODE = YES;
				ENABLE_NS_ASSERTIONS = YES;
				ENABLE_STRICT_OBJC_MSGSEND = YES;
				ENABLE_TESTABILITY = YES;
				EXCLUDED_ARCHS = "";
				GCC_C_LANGUAGE_STANDARD = gnu99;
				GCC_DYNAMIC_NO_PIC = NO;
				GCC_NO_COMMON_BLOCKS = YES;
				GCC_OPTIMIZATION_LEVEL = 0;
				GCC_PREPROCESSOR_DEFINITIONS = (
					"DEBUG=1",
					"$(inherited)",
					"DEVELOP_SERVER=1",
				);
				GCC_WARN_64_TO_32_BIT_CONVERSION = YES;
				GCC_WARN_ABOUT_RETURN_TYPE = YES_ERROR;
				GCC_WARN_UNDECLARED_SELECTOR = YES;
				GCC_WARN_UNINITIALIZED_AUTOS = YES_AGGRESSIVE;
				GCC_WARN_UNUSED_FUNCTION = YES;
				GCC_WARN_UNUSED_VARIABLE = YES;
				IPHONEOS_DEPLOYMENT_TARGET = 8.0;
				MTL_ENABLE_DEBUG_INFO = YES;
				ONLY_ACTIVE_ARCH = YES;
				SDKROOT = iphoneos;
			};
			name = Debug;
		};
		C83BF0161E1234250016E53D /* Release */ = {
			isa = XCBuildConfiguration;
			buildSettings = {
				ALWAYS_SEARCH_USER_PATHS = NO;
				CLANG_ANALYZER_LOCALIZABILITY_NONLOCALIZED = YES;
				CLANG_ANALYZER_NONNULL = YES;
				CLANG_CXX_LANGUAGE_STANDARD = "gnu++0x";
				CLANG_CXX_LIBRARY = "libc++";
				CLANG_ENABLE_MODULES = YES;
				CLANG_ENABLE_OBJC_ARC = YES;
				CLANG_WARN_BLOCK_CAPTURE_AUTORELEASING = YES;
				CLANG_WARN_BOOL_CONVERSION = YES;
				CLANG_WARN_COMMA = YES;
				CLANG_WARN_CONSTANT_CONVERSION = YES;
				CLANG_WARN_DEPRECATED_OBJC_IMPLEMENTATIONS = YES;
				CLANG_WARN_DIRECT_OBJC_ISA_USAGE = YES_ERROR;
				CLANG_WARN_DOCUMENTATION_COMMENTS = YES;
				CLANG_WARN_EMPTY_BODY = YES;
				CLANG_WARN_ENUM_CONVERSION = YES;
				CLANG_WARN_INFINITE_RECURSION = YES;
				CLANG_WARN_INT_CONVERSION = YES;
				CLANG_WARN_NON_LITERAL_NULL_CONVERSION = YES;
				CLANG_WARN_OBJC_IMPLICIT_RETAIN_SELF = YES;
				CLANG_WARN_OBJC_LITERAL_CONVERSION = YES;
				CLANG_WARN_OBJC_ROOT_CLASS = YES_ERROR;
				CLANG_WARN_RANGE_LOOP_ANALYSIS = YES;
				CLANG_WARN_STRICT_PROTOTYPES = YES;
				CLANG_WARN_SUSPICIOUS_MOVE = YES;
				CLANG_WARN_UNREACHABLE_CODE = YES;
				CLANG_WARN__DUPLICATE_METHOD_MATCH = YES;
				"CODE_SIGN_IDENTITY[sdk=iphoneos*]" = "iPhone Developer";
				COPY_PHASE_STRIP = NO;
				DEBUG_INFORMATION_FORMAT = "dwarf-with-dsym";
				ENABLE_BITCODE = YES;
				ENABLE_NS_ASSERTIONS = NO;
				ENABLE_STRICT_OBJC_MSGSEND = YES;
				ENABLE_TESTABILITY = YES;
				EXCLUDED_ARCHS = "";
				GCC_C_LANGUAGE_STANDARD = gnu99;
				GCC_NO_COMMON_BLOCKS = YES;
				GCC_WARN_64_TO_32_BIT_CONVERSION = YES;
				GCC_WARN_ABOUT_RETURN_TYPE = YES_ERROR;
				GCC_WARN_UNDECLARED_SELECTOR = YES;
				GCC_WARN_UNINITIALIZED_AUTOS = YES_AGGRESSIVE;
				GCC_WARN_UNUSED_FUNCTION = YES;
				GCC_WARN_UNUSED_VARIABLE = YES;
				IPHONEOS_DEPLOYMENT_TARGET = 8.0;
				MTL_ENABLE_DEBUG_INFO = NO;
				SDKROOT = iphoneos;
				VALIDATE_PRODUCT = YES;
			};
			name = Release;
		};
		C83BF0181E1234250016E53D /* Debug */ = {
			isa = XCBuildConfiguration;
			baseConfigurationReference = DF7D82ECBA1F2B13884713B2 /* Pods-VeGamePublicDemo.debug.xcconfig */;
			buildSettings = {
				ASSETCATALOG_COMPILER_APPICON_NAME = AppIcon;
				ASSETCATALOG_COMPILER_LAUNCHIMAGE_NAME = "";
				CODE_SIGN_IDENTITY = "iPhone Developer";
				CODE_SIGN_STYLE = Manual;
				DEVELOPMENT_TEAM = 6N49VPDU43;
				"DEVELOPMENT_TEAM[sdk=iphoneos*]" = 6N49VPDU43;
				ENABLE_BITCODE = NO;
				EXCLUDED_ARCHS = "";
				FRAMEWORK_SEARCH_PATHS = (
					"$(inherited)",
					"$(PROJECT_DIR)/VeGamePublicDemo",
					"$(PROJECT_DIR)/VeGamePublicDemo/VeGamePublicDemoSDK",
					"$(PROJECT_DIR)/VeGameDemo/VeGameSDK",
					"$(PROJECT_DIR)/VeGameDemo/VeGameSDK/VeGame.framework/Frameworks",
				);
				GCC_PRECOMPILE_PREFIX_HEADER = YES;
				GCC_PREFIX_HEADER = "$(SRCROOT)/VeGameDemo/VeGamePublicDemo.pch";
				GCC_PREPROCESSOR_DEFINITIONS = (
					"$(inherited)",
					"COCOAPODS=1",
					"DEVELOP_ENV=0",
				);
				HEADER_SEARCH_PATHS = (
					"$(inherited)",
					"\"${PODS_ROOT}/Headers/Public\"",
					"\"${PODS_ROOT}/Headers/Public/AFNetworking\"",
					"\"${PODS_ROOT}/Headers/Public/CMYBaseLib\"",
					"\"${PODS_ROOT}/Headers/Public/CwgBaseLib\"",
					"\"${PODS_ROOT}/Headers/Public/CwgVeGamePublicDemo\"",
					"\"${PODS_ROOT}/Headers/Public/MJExtension\"",
					"\"${PODS_ROOT}/Headers/Public/MJRefresh\"",
					"\"${PODS_ROOT}/Headers/Public/MLLabel\"",
					"\"${PODS_ROOT}/Headers/Public/Masonry\"",
					"\"${PODS_ROOT}/Headers/Public/RealReachability\"",
					"\"${PODS_ROOT}/Headers/Public/SDWebImage\"",
					"\"${PODS_ROOT}/Headers/Public/WeChat_SDK_iOS\"",
					"\"${PODS_ROOT}/Headers/Public/YYKit\"",
				);
				INFOPLIST_FILE = VeGameDemo/Info.plist;
				IPHONEOS_DEPLOYMENT_TARGET = 9.0;
				LD_RUNPATH_SEARCH_PATHS = "$(inherited) @executable_path/Frameworks";
				LIBRARY_SEARCH_PATHS = (
					"$(inherited)",
					"$(PROJECT_DIR)/VeGamePublicDemo",
				);
				MARKETING_VERSION = 1.18.0;
				ONLY_ACTIVE_ARCH = YES;
				OTHER_LDFLAGS = (
					"$(inherited)",
					"-ObjC",
					"-l\"Masonry\"",
					"-l\"SVProgressHUD\"",
					"-framework",
					"\"Foundation\"",
					"-framework",
					"\"QuartzCore\"",
					"-framework",
					"\"UIKit\"",
					"-w",
				);
				PRODUCT_BUNDLE_IDENTIFIER = com.bytedance.deviceservice.cloudgame;
				PRODUCT_NAME = "$(TARGET_NAME)";
				PROVISIONING_PROFILE_SPECIFIER = dev_common;
				"PROVISIONING_PROFILE_SPECIFIER[sdk=iphoneos*]" = dev_common;
				VALIDATE_WORKSPACE = YES;
			};
			name = Debug;
		};
		C83BF0191E1234250016E53D /* Release */ = {
			isa = XCBuildConfiguration;
			baseConfigurationReference = 5AC2CB67B6DAD858109A17C3 /* Pods-VeGamePublicDemo.release.xcconfig */;
			buildSettings = {
				ASSETCATALOG_COMPILER_APPICON_NAME = AppIcon;
				ASSETCATALOG_COMPILER_LAUNCHIMAGE_NAME = "";
				CODE_SIGN_IDENTITY = "iPhone Developer";
				"CODE_SIGN_IDENTITY[sdk=iphoneos*]" = "iPhone Distribution";
				CODE_SIGN_STYLE = Manual;
				DEVELOPMENT_TEAM = 6N49VPDU43;
				"DEVELOPMENT_TEAM[sdk=iphoneos*]" = X46375UBYG;
				ENABLE_BITCODE = NO;
				EXCLUDED_ARCHS = "";
				FRAMEWORK_SEARCH_PATHS = (
					"$(inherited)",
					"$(PROJECT_DIR)/VeGamePublicDemo",
					"$(PROJECT_DIR)/VeGamePublicDemo/VeGamePublicDemoSDK",
					"$(PROJECT_DIR)/VeGameDemo/VeGameSDK",
					"$(PROJECT_DIR)/VeGameDemo/VeGameSDK/VeGame.framework/Frameworks",
				);
				GCC_PRECOMPILE_PREFIX_HEADER = YES;
				GCC_PREFIX_HEADER = "$(SRCROOT)/VeGameDemo/VeGamePublicDemo.pch";
				GCC_PREPROCESSOR_DEFINITIONS = (
					"$(inherited)",
					"COCOAPODS=1",
					"DEVELOP_ENV=0",
				);
				HEADER_SEARCH_PATHS = (
					"$(inherited)",
					"\"${PODS_ROOT}/Headers/Public\"",
					"\"${PODS_ROOT}/Headers/Public/AFNetworking\"",
					"\"${PODS_ROOT}/Headers/Public/Masonry\"",
					"\"${PODS_ROOT}/Headers/Public/SDWebImage\"",
				);
				INFOPLIST_FILE = VeGameDemo/Info.plist;
				IPHONEOS_DEPLOYMENT_TARGET = 9.0;
				LD_RUNPATH_SEARCH_PATHS = "$(inherited) @executable_path/Frameworks";
				LIBRARY_SEARCH_PATHS = (
					"$(inherited)",
					"$(PROJECT_DIR)/VeGamePublicDemo",
				);
				MARKETING_VERSION = 1.18.0;
				ONLY_ACTIVE_ARCH = NO;
				OTHER_LDFLAGS = (
					"$(inherited)",
					"-ObjC",
					"-l\"Masonry\"",
					"-l\"SVProgressHUD\"",
					"-framework",
					"\"Foundation\"",
					"-framework",
					"\"QuartzCore\"",
					"-framework",
					"\"UIKit\"",
					"-w",
				);
				PRODUCT_BUNDLE_IDENTIFIER = com.bytedance.deviceservice;
				PRODUCT_NAME = "$(TARGET_NAME)";
				PROVISIONING_PROFILE_SPECIFIER = dev_common;
				"PROVISIONING_PROFILE_SPECIFIER[sdk=iphoneos*]" = DeviceManagerServiceInHouse.dist;
				VALIDATE_WORKSPACE = YES;
			};
			name = Release;
		};
/* End XCBuildConfiguration section */

/* Begin XCConfigurationList section */
		C83BEFFB1E1234250016E53D /* Build configuration list for PBXProject "VeGamePublicDemo" */ = {
			isa = XCConfigurationList;
			buildConfigurations = (
				C83BF0151E1234250016E53D /* Debug */,
				C83BF0161E1234250016E53D /* Release */,
			);
			defaultConfigurationIsVisible = 0;
			defaultConfigurationName = Release;
		};
		C83BF0171E1234250016E53D /* Build configuration list for PBXNativeTarget "VeGamePublicDemo" */ = {
			isa = XCConfigurationList;
			buildConfigurations = (
				C83BF0181E1234250016E53D /* Debug */,
				C83BF0191E1234250016E53D /* Release */,
			);
			defaultConfigurationIsVisible = 0;
			defaultConfigurationName = Release;
		};
/* End XCConfigurationList section */
	};
	rootObject = C83BEFF81E1234250016E53D /* Project object */;
}
